
Microsoft Visual Studio Solution File, Format Version 12.00
# Visual Studio Version 16
VisualStudioVersion = 16.0.30717.126
MinimumVisualStudioVersion = 15.0.26124.0
Project("{9A19103F-16F7-4668-BE54-9A1E7A4F7556}") = "TodoAgility.Agile", "TodoAgility.Agile\TodoAgility.Agile.csproj", "{27A3B64E-B61A-4A82-BCAD-3168CC64FD2E}"
EndProject
Project("{9A19103F-16F7-4668-BE54-9A1E7A4F7556}") = "TodoAgility.Tests", "TodoAgility.Tests\TodoAgility.Tests.csproj", "{D36BC8DF-5D10-4AD3-95B7-1ACF9E7EA2A8}"
EndProject
Project("{9A19103F-16F7-4668-BE54-9A1E7A4F7556}") = "TodoAgility.API", "TodoAgility.API\TodoAgility.API.csproj", "{02909CFB-B1F0-47DD-965E-2EDDA6893474}"
EndProject
Global
	GlobalSection(SolutionConfigurationPlatforms) = preSolution
		Debug|Any CPU = Debug|Any CPU
		Debug|x64 = Debug|x64
		Debug|x86 = Debug|x86
		Release|Any CPU = Release|Any CPU
		Release|x64 = Release|x64
		Release|x86 = Release|x86
	EndGlobalSection
	GlobalSection(ProjectConfigurationPlatforms) = postSolution
		{27A3B64E-B61A-4A82-BCAD-3168CC64FD2E}.Debug|Any CPU.ActiveCfg = Debug|Any CPU
		{27A3B64E-B61A-4A82-BCAD-3168CC64FD2E}.Debug|Any CPU.Build.0 = Debug|Any CPU
		{27A3B64E-B61A-4A82-BCAD-3168CC64FD2E}.Debug|x64.ActiveCfg = Debug|Any CPU
		{27A3B64E-B61A-4A82-BCAD-3168CC64FD2E}.Debug|x64.Build.0 = Debug|Any CPU
		{27A3B64E-B61A-4A82-BCAD-3168CC64FD2E}.Debug|x86.ActiveCfg = Debug|Any CPU
		{27A3B64E-B61A-4A82-BCAD-3168CC64FD2E}.Debug|x86.Build.0 = Debug|Any CPU
		{27A3B64E-B61A-4A82-BCAD-3168CC64FD2E}.Release|Any CPU.ActiveCfg = Release|Any CPU
		{27A3B64E-B61A-4A82-BCAD-3168CC64FD2E}.Release|Any CPU.Build.0 = Release|Any CPU
		{27A3B64E-B61A-4A82-BCAD-3168CC64FD2E}.Release|x64.ActiveCfg = Release|Any CPU
		{27A3B64E-B61A-4A82-BCAD-3168CC64FD2E}.Release|x64.Build.0 = Release|Any CPU
		{27A3B64E-B61A-4A82-BCAD-3168CC64FD2E}.Release|x86.ActiveCfg = Release|Any CPU
		{27A3B64E-B61A-4A82-BCAD-3168CC64FD2E}.Release|x86.Build.0 = Release|Any CPU
		{D36BC8DF-5D10-4AD3-95B7-1ACF9E7EA2A8}.Debug|Any CPU.ActiveCfg = Debug|Any CPU
		{D36BC8DF-5D10-4AD3-95B7-1ACF9E7EA2A8}.Debug|Any CPU.Build.0 = Debug|Any CPU
		{D36BC8DF-5D10-4AD3-95B7-1ACF9E7EA2A8}.Debug|x64.ActiveCfg = Debug|Any CPU
		{D36BC8DF-5D10-4AD3-95B7-1ACF9E7EA2A8}.Debug|x64.Build.0 = Debug|Any CPU
		{D36BC8DF-5D10-4AD3-95B7-1ACF9E7EA2A8}.Debug|x86.ActiveCfg = Debug|Any CPU
		{D36BC8DF-5D10-4AD3-95B7-1ACF9E7EA2A8}.Debug|x86.Build.0 = Debug|Any CPU
		{D36BC8DF-5D10-4AD3-95B7-1ACF9E7EA2A8}.Release|Any CPU.ActiveCfg = Release|Any CPU
		{D36BC8DF-5D10-4AD3-95B7-1ACF9E7EA2A8}.Release|Any CPU.Build.0 = Release|Any CPU
		{D36BC8DF-5D10-4AD3-95B7-1ACF9E7EA2A8}.Release|x64.ActiveCfg = Release|Any CPU
		{D36BC8DF-5D10-4AD3-95B7-1ACF9E7EA2A8}.Release|x64.Build.0 = Release|Any CPU
		{D36BC8DF-5D10-4AD3-95B7-1ACF9E7EA2A8}.Release|x86.ActiveCfg = Release|Any CPU
		{D36BC8DF-5D10-4AD3-95B7-1ACF9E7EA2A8}.Release|x86.Build.0 = Release|Any CPU
		{02909CFB-B1F0-47DD-965E-2EDDA6893474}.Debug|Any CPU.ActiveCfg = Debug|Any CPU
		{02909CFB-B1F0-47DD-965E-2EDDA6893474}.Debug|Any CPU.Build.0 = Debug|Any CPU
		{02909CFB-B1F0-47DD-965E-2EDDA6893474}.Debug|x64.ActiveCfg = Debug|Any CPU
		{02909CFB-B1F0-47DD-965E-2EDDA6893474}.Debug|x64.Build.0 = Debug|Any CPU
		{02909CFB-B1F0-47DD-965E-2EDDA6893474}.Debug|x86.ActiveCfg = Debug|Any CPU
		{02909CFB-B1F0-47DD-965E-2EDDA6893474}.Debug|x86.Build.0 = Debug|Any CPU
		{02909CFB-B1F0-47DD-965E-2EDDA6893474}.Release|Any CPU.ActiveCfg = Release|Any CPU
		{02909CFB-B1F0-47DD-965E-2EDDA6893474}.Release|Any CPU.Build.0 = Release|Any CPU
		{02909CFB-B1F0-47DD-965E-2EDDA6893474}.Release|x64.ActiveCfg = Release|Any CPU
		{02909CFB-B1F0-47DD-965E-2EDDA6893474}.Release|x64.Build.0 = Release|Any CPU
		{02909CFB-B1F0-47DD-965E-2EDDA6893474}.Release|x86.ActiveCfg = Release|Any CPU
		{02909CFB-B1F0-47DD-965E-2EDDA6893474}.Release|x86.Build.0 = Release|Any CPU
	EndGlobalSection
	GlobalSection(SolutionProperties) = preSolution
		HideSolutionNode = FALSE
	EndGlobalSection
	GlobalSection(ExtensibilityGlobals) = postSolution
		SolutionGuid = {F4C24906-C5EB-4CA0-A9DC-EF104907A028}
	EndGlobalSection
EndGlobal
